{
  "name": "timdream.org",
  "version": "2.0.0",
  "lockfileVersion": 1,
  "requires": true,
  "dependencies": {
    "commander": {
      "version": "2.11.0",
      "resolved": "https://registry.npmjs.org/commander/-/commander-2.11.0.tgz",
      "integrity": "sha512-b0553uYA5YAEGgyYIGYROzKQ7X5RAqedkfjiZxwi0kL1g3bOaBNNZfYkzt/CL0umgD5wc9Jec2FbB98CjkMRvQ==",
      "dev": true
    },
    "source-map": {
      "version": "0.5.7",
      "resolved": "https://registry.npmjs.org/source-map/-/source-map-0.5.7.tgz",
      "integrity": "sha1-igOdLRAh0i0eoUyA2OpGi6LvP8w=",
      "dev": true
    },
    "uglify-es": {
      "version": "3.1.1",
      "resolved": "https://registry.npmjs.org/uglify-es/-/uglify-es-3.1.1.tgz",
      "integrity": "sha512-oESWzXRJ5cHfxZnj1wS4WAy1Tcn4RbMhSX6lhMpzkHN+6SrO6Wmlg9dK4M+K/MXHIwndOD7wme7fEGuFcEf4BQ==",
      "dev": true,
      "requires": {
        "commander": "2.11.0",
        "source-map": "0.5.7"
      }
    },
    "uglifycss": {
      "version": "0.0.27",
      "resolved": "https://registry.npmjs.org/uglifycss/-/uglifycss-0.0.27.tgz",
      "integrity": "sha1-U1U7gRXeJtzle0K6CzTojdgNDN4=",
      "dev": true
    }
  }
}
